uuid: d6116fe2-92a7-4492-94c5-b547ad7682ab
langcode: en
status: true
dependencies:
  module:
    - ctools
    - app_core
  theme:
    - bartik
id: addnodeappointmentformblock
theme: bartik
region: sidebar_first
weight: -7
provider: null
plugin: add_node_appointment_form_block
settings:
  id: add_node_appointment_form_block
  label: 'Make an appointment'
  provider: app_core
  label_display: visible
visibility:
  'entity_bundle:node':
    id: 'entity_bundle:node'
    bundles:
      resource: resource
    negate: false
    context_mapping:
      node: '@node.node_route_context:node'
